
Microsoft Visual Studio Solution File, Format Version 12.00
# Visual Studio Version 17
VisualStudioVersion = 17.7.34024.191
MinimumVisualStudioVersion = 10.0.40219.1
Project("{FAE04EC0-301F-11D3-BF4B-00C04F79EFBC}") = "FileUploadService", "FileUploadService\FileUploadService.csproj", "{C9D4DD64-DE74-495C-A8FF-189EA6932502}"
EndProject
Global
	GlobalSection(SolutionConfigurationPlatforms) = preSolution
		Debug|Any CPU = Debug|Any CPU
		Release|Any CPU = Release|Any CPU
	EndGlobalSection
	GlobalSection(ProjectConfigurationPlatforms) = postSolution
		{C9D4DD64-DE74-495C-A8FF-189EA6932502}.Debug|Any CPU.ActiveCfg = Debug|Any CPU
		{C9D4DD64-DE74-495C-A8FF-189EA6932502}.Debug|Any CPU.Build.0 = Debug|Any CPU
		{C9D4DD64-DE74-495C-A8FF-189EA6932502}.Release|Any CPU.ActiveCfg = Release|Any CPU
		{C9D4DD64-DE74-495C-A8FF-189EA6932502}.Release|Any CPU.Build.0 = Release|Any CPU
	EndGlobalSection
	GlobalSection(SolutionProperties) = preSolution
		HideSolutionNode = FALSE
	EndGlobalSection
	GlobalSection(ExtensibilityGlobals) = postSolution
		SolutionGuid = {B7A3281D-C039-4D8E-A1B7-E5753DBA8043}
	EndGlobalSection
EndGlobal
